{
  "meteor": {},
  "dependencies": {
    "basePackages": {
      "nprogress": {}
    },
    "packages": {
      "nprogress": {
        "git": "https://github.com/zhouzhuojie/meteor-nprogress.git",
        "tag": "v0.0.3",
        "commit": "ffd1c5dd400af64121197f4e637a215c4b6b1fc7"
      }
    }
  }
}
